{
  "name": "@volungo-2017/volungorequest",
  "version": "2.0.0",
  "lockfileVersion": 2,
  "requires": true,
  "packages": {
    "": {
      "name": "@volungo-2017/volungorequest",
      "version": "2.0.0",
      "license": "ISC",
      "dependencies": {
        "@volungo-2017/volungorequest": "^2.0.0",
        "axios": "^0.27.2",
        "dotenv": "^16.0.1"
      }
    },
    "node_modules/@volungo-2017/volungorequest": {
      "version": "2.0.0",
      "resolved": "https://npm.pkg.github.com/download/@volungo-2017/volungorequest/2.0.0/2220a2591c1ba0d5946af8dd2d0db6a87f2c8298",
      "integrity": "sha512-DTjWfkgN4xnwkJoH2eFt+Wpyj5s5pkhSdrJwQ8D1zob7pV2u+uLDnCKu6vmbLyB0hxdwCvDQtxgMXtWxA+a/OA==",
      "license": "ISC",
      "dependencies": {
        "axios": "^0.27.2",
        "dotenv": "^16.0.1"
      }
    },
    "node_modules/asynckit": {
      "version": "0.4.0",
      "license": "MIT"
    },
    "node_modules/axios": {
      "version": "0.27.2",
      "license": "MIT",
      "dependencies": {
        "follow-redirects": "^1.14.9",
        "form-data": "^4.0.0"
      }
    },
    "node_modules/combined-stream": {
      "version": "1.0.8",
      "license": "MIT",
      "dependencies": {
        "delayed-stream": "~1.0.0"
      },
      "engines": {
        "node": ">= 0.8"
      }
    },
    "node_modules/delayed-stream": {
      "version": "1.0.0",
      "license": "MIT",
      "engines": {
        "node": ">=0.4.0"
      }
    },
    "node_modules/dotenv": {
      "version": "16.0.1",
      "license": "BSD-2-Clause",
      "engines": {
        "node": ">=12"
      }
    },
    "node_modules/follow-redirects": {
      "version": "1.15.1",
      "funding": [
        {
          "type": "individual",
          "url": "https://github.com/sponsors/RubenVerborgh"
        }
      ],
      "license": "MIT",
      "engines": {
        "node": ">=4.0"
      },
      "peerDependenciesMeta": {
        "debug": {
          "optional": true
        }
      }
    },
    "node_modules/form-data": {
      "version": "4.0.0",
      "license": "MIT",
      "dependencies": {
        "asynckit": "^0.4.0",
        "combined-stream": "^1.0.8",
        "mime-types": "^2.1.12"
      },
      "engines": {
        "node": ">= 6"
      }
    },
    "node_modules/mime-db": {
      "version": "1.52.0",
      "license": "MIT",
      "engines": {
        "node": ">= 0.6"
      }
    },
    "node_modules/mime-types": {
      "version": "2.1.35",
      "license": "MIT",
      "dependencies": {
        "mime-db": "1.52.0"
      },
      "engines": {
        "node": ">= 0.6"
      }
    }
  },
  "dependencies": {
    "@volungo-2017/volungorequest": {
      "version": "2.0.0",
      "resolved": "https://npm.pkg.github.com/download/@volungo-2017/volungorequest/2.0.0/2220a2591c1ba0d5946af8dd2d0db6a87f2c8298",
      "integrity": "sha512-DTjWfkgN4xnwkJoH2eFt+Wpyj5s5pkhSdrJwQ8D1zob7pV2u+uLDnCKu6vmbLyB0hxdwCvDQtxgMXtWxA+a/OA==",
      "requires": {
        "axios": "^0.27.2",
        "dotenv": "^16.0.1"
      }
    },
    "asynckit": {
      "version": "0.4.0"
    },
    "axios": {
      "version": "0.27.2",
      "requires": {
        "follow-redirects": "^1.14.9",
        "form-data": "^4.0.0"
      }
    },
    "combined-stream": {
      "version": "1.0.8",
      "requires": {
        "delayed-stream": "~1.0.0"
      }
    },
    "delayed-stream": {
      "version": "1.0.0"
    },
    "dotenv": {
      "version": "16.0.1"
    },
    "follow-redirects": {
      "version": "1.15.1"
    },
    "form-data": {
      "version": "4.0.0",
      "requires": {
        "asynckit": "^0.4.0",
        "combined-stream": "^1.0.8",
        "mime-types": "^2.1.12"
      }
    },
    "mime-db": {
      "version": "1.52.0"
    },
    "mime-types": {
      "version": "2.1.35",
      "requires": {
        "mime-db": "1.52.0"
      }
    }
  }
}
